
Microsoft Visual Studio Solution File, Format Version 12.00
# Visual Studio Version 17
VisualStudioVersion = 17.11.35327.3
MinimumVisualStudioVersion = 10.0.40219.1
Project("{9A19103F-16F7-4668-BE54-9A1E7A4F7556}") = "Ollamas_Unplugged_Personality", "Ollamas_Unplugged_Personality.csproj", "{8BFD4E0D-2867-4E03-9713-7C0DFE329D26}"
EndProject
Global
	GlobalSection(SolutionConfigurationPlatforms) = preSolution
		Debug|Any CPU = Debug|Any CPU
		Release|Any CPU = Release|Any CPU
	EndGlobalSection
	GlobalSection(ProjectConfigurationPlatforms) = postSolution
		{8BFD4E0D-2867-4E03-9713-7C0DFE329D26}.Debug|Any CPU.ActiveCfg = Debug|Any CPU
		{8BFD4E0D-2867-4E03-9713-7C0DFE329D26}.Debug|Any CPU.Build.0 = Debug|Any CPU
		{8BFD4E0D-2867-4E03-9713-7C0DFE329D26}.Release|Any CPU.ActiveCfg = Release|Any CPU
		{8BFD4E0D-2867-4E03-9713-7C0DFE329D26}.Release|Any CPU.Build.0 = Release|Any CPU
	EndGlobalSection
	GlobalSection(SolutionProperties) = preSolution
		HideSolutionNode = FALSE
	EndGlobalSection
	GlobalSection(ExtensibilityGlobals) = postSolution
		SolutionGuid = {2DBB6915-4334-40F7-AB3A-FB2656B128C6}
	EndGlobalSection
EndGlobal
